
Microsoft Visual Studio Solution File, Format Version 12.00
# Visual Studio Version 16
VisualStudioVersion = 16.0.28803.156
MinimumVisualStudioVersion = 10.0.40219.1
Project("{2150E333-8FDC-42A3-9474-1A3956D46DE8}") = "src", "src", "{554225C8-4449-4E8E-AACC-DC466926BA34}"
EndProject
Project("{2150E333-8FDC-42A3-9474-1A3956D46DE8}") = "tests", "tests", "{2FD013E6-2BF6-4AF6-AD6A-B2CABB99BA6D}"
EndProject
Project("{9A19103F-16F7-4668-BE54-9A1E7A4F7556}") = "Mozzie.Worker", "src\Mozzie.Worker\Mozzie.Worker.csproj", "{EA812775-54DD-4F7A-97F3-72299ADC0FBF}"
EndProject
Project("{FAE04EC0-301F-11D3-BF4B-00C04F79EFBC}") = "Mozzie.Domain", "src\Mozzie.Domain\Mozzie.Domain.csproj", "{265192F0-BB7D-4BE9-A924-414CF00C614A}"
EndProject
Global
	GlobalSection(SolutionConfigurationPlatforms) = preSolution
		Debug|Any CPU = Debug|Any CPU
		Release|Any CPU = Release|Any CPU
	EndGlobalSection
	GlobalSection(ProjectConfigurationPlatforms) = postSolution
		{EA812775-54DD-4F7A-97F3-72299ADC0FBF}.Debug|Any CPU.ActiveCfg = Debug|Any CPU
		{EA812775-54DD-4F7A-97F3-72299ADC0FBF}.Debug|Any CPU.Build.0 = Debug|Any CPU
		{EA812775-54DD-4F7A-97F3-72299ADC0FBF}.Release|Any CPU.ActiveCfg = Release|Any CPU
		{EA812775-54DD-4F7A-97F3-72299ADC0FBF}.Release|Any CPU.Build.0 = Release|Any CPU
		{265192F0-BB7D-4BE9-A924-414CF00C614A}.Debug|Any CPU.ActiveCfg = Debug|Any CPU
		{265192F0-BB7D-4BE9-A924-414CF00C614A}.Debug|Any CPU.Build.0 = Debug|Any CPU
		{265192F0-BB7D-4BE9-A924-414CF00C614A}.Release|Any CPU.ActiveCfg = Release|Any CPU
		{265192F0-BB7D-4BE9-A924-414CF00C614A}.Release|Any CPU.Build.0 = Release|Any CPU
	EndGlobalSection
	GlobalSection(SolutionProperties) = preSolution
		HideSolutionNode = FALSE
	EndGlobalSection
	GlobalSection(NestedProjects) = preSolution
		{EA812775-54DD-4F7A-97F3-72299ADC0FBF} = {554225C8-4449-4E8E-AACC-DC466926BA34}
		{265192F0-BB7D-4BE9-A924-414CF00C614A} = {554225C8-4449-4E8E-AACC-DC466926BA34}
	EndGlobalSection
	GlobalSection(ExtensibilityGlobals) = postSolution
		SolutionGuid = {2626E46D-895C-47D0-907D-3E2C813C9B5F}
	EndGlobalSection
EndGlobal
